
Microsoft Visual Studio Solution File, Format Version 12.00
# Visual Studio Version 17
VisualStudioVersion = 17.3.32922.545
MinimumVisualStudioVersion = 10.0.40219.1
Project("{FAE04EC0-301F-11D3-BF4B-00C04F79EFBC}") = "DeadByDaylightItemApi", "DeadByDaylightItemApi\DeadByDaylightItemApi.csproj", "{DB2D63D8-F5CC-4ED2-AEB2-F33AA36C9669}"
EndProject
Project("{9A19103F-16F7-4668-BE54-9A1E7A4F7556}") = "Data", "..\DBD_SITE\MVCDeadByDaylichtCalculator\Data\Data.csproj", "{43576925-337E-4BFE-B43A-616791002F30}"
EndProject
Project("{9A19103F-16F7-4668-BE54-9A1E7A4F7556}") = "Interface", "..\DBD_SITE\MVCDeadByDaylichtCalculator\Interface\Interface.csproj", "{8D838DE7-4C40-438B-BE76-5DCEF6F8018C}"
EndProject
Project("{9A19103F-16F7-4668-BE54-9A1E7A4F7556}") = "Factory", "..\DBD_SITE\MVCDeadByDaylichtCalculator\Factory\Factory.csproj", "{13F2AF46-A82D-425F-83EA-F64C75938F93}"
EndProject
Project("{9A19103F-16F7-4668-BE54-9A1E7A4F7556}") = "Logic", "..\DBD_SITE\MVCDeadByDaylichtCalculator\Logic\Logic.csproj", "{2B16B226-8284-4F95-B1B5-7ED9546ABE57}"
EndProject
Global
	GlobalSection(SolutionConfigurationPlatforms) = preSolution
		Debug|Any CPU = Debug|Any CPU
		Release|Any CPU = Release|Any CPU
	EndGlobalSection
	GlobalSection(ProjectConfigurationPlatforms) = postSolution
		{DB2D63D8-F5CC-4ED2-AEB2-F33AA36C9669}.Debug|Any CPU.ActiveCfg = Debug|Any CPU
		{DB2D63D8-F5CC-4ED2-AEB2-F33AA36C9669}.Debug|Any CPU.Build.0 = Debug|Any CPU
		{DB2D63D8-F5CC-4ED2-AEB2-F33AA36C9669}.Release|Any CPU.ActiveCfg = Release|Any CPU
		{DB2D63D8-F5CC-4ED2-AEB2-F33AA36C9669}.Release|Any CPU.Build.0 = Release|Any CPU
		{43576925-337E-4BFE-B43A-616791002F30}.Debug|Any CPU.ActiveCfg = Debug|Any CPU
		{43576925-337E-4BFE-B43A-616791002F30}.Debug|Any CPU.Build.0 = Debug|Any CPU
		{43576925-337E-4BFE-B43A-616791002F30}.Release|Any CPU.ActiveCfg = Release|Any CPU
		{43576925-337E-4BFE-B43A-616791002F30}.Release|Any CPU.Build.0 = Release|Any CPU
		{8D838DE7-4C40-438B-BE76-5DCEF6F8018C}.Debug|Any CPU.ActiveCfg = Debug|Any CPU
		{8D838DE7-4C40-438B-BE76-5DCEF6F8018C}.Debug|Any CPU.Build.0 = Debug|Any CPU
		{8D838DE7-4C40-438B-BE76-5DCEF6F8018C}.Release|Any CPU.ActiveCfg = Release|Any CPU
		{8D838DE7-4C40-438B-BE76-5DCEF6F8018C}.Release|Any CPU.Build.0 = Release|Any CPU
		{13F2AF46-A82D-425F-83EA-F64C75938F93}.Debug|Any CPU.ActiveCfg = Debug|Any CPU
		{13F2AF46-A82D-425F-83EA-F64C75938F93}.Debug|Any CPU.Build.0 = Debug|Any CPU
		{13F2AF46-A82D-425F-83EA-F64C75938F93}.Release|Any CPU.ActiveCfg = Release|Any CPU
		{13F2AF46-A82D-425F-83EA-F64C75938F93}.Release|Any CPU.Build.0 = Release|Any CPU
		{2B16B226-8284-4F95-B1B5-7ED9546ABE57}.Debug|Any CPU.ActiveCfg = Debug|Any CPU
		{2B16B226-8284-4F95-B1B5-7ED9546ABE57}.Debug|Any CPU.Build.0 = Debug|Any CPU
		{2B16B226-8284-4F95-B1B5-7ED9546ABE57}.Release|Any CPU.ActiveCfg = Release|Any CPU
		{2B16B226-8284-4F95-B1B5-7ED9546ABE57}.Release|Any CPU.Build.0 = Release|Any CPU
	EndGlobalSection
	GlobalSection(SolutionProperties) = preSolution
		HideSolutionNode = FALSE
	EndGlobalSection
	GlobalSection(ExtensibilityGlobals) = postSolution
		SolutionGuid = {F0CA77E1-4A0C-4542-A1FB-DF75DC2F0C59}
	EndGlobalSection
EndGlobal
