
Microsoft Visual Studio Solution File, Format Version 12.00
# Visual Studio Version 17
VisualStudioVersion = 17.3.32922.545
MinimumVisualStudioVersion = 10.0.40219.1
Project("{9A19103F-16F7-4668-BE54-9A1E7A4F7556}") = "DeadByDaylightItemApi", "DeadByDaylightItemApi\DeadByDaylightItemApi.csproj", "{DB2D63D8-F5CC-4ED2-AEB2-F33AA36C9669}"
EndProject
Project("{9A19103F-16F7-4668-BE54-9A1E7A4F7556}") = "Data", "..\..\DBD_SITE\MVCDeadByDaylichtCalculator\Data\Data.csproj", "{533F58EE-996F-497B-82AA-D6B1ED4E789F}"
EndProject
Project("{9A19103F-16F7-4668-BE54-9A1E7A4F7556}") = "Factory", "..\..\DBD_SITE\MVCDeadByDaylichtCalculator\Factory\Factory.csproj", "{70A47D21-FC1C-4CB7-9DC6-0ED4D76475A2}"
EndProject
Project("{9A19103F-16F7-4668-BE54-9A1E7A4F7556}") = "Interface", "..\..\DBD_SITE\MVCDeadByDaylichtCalculator\Interface\Interface.csproj", "{11E1D91D-9108-48AC-81DC-B5A0BC5117F9}"
EndProject
Project("{9A19103F-16F7-4668-BE54-9A1E7A4F7556}") = "Logic", "..\..\DBD_SITE\MVCDeadByDaylichtCalculator\Logic\Logic.csproj", "{51CB2710-5DB0-49A3-9844-95151A07DD51}"
EndProject
Global
	GlobalSection(SolutionConfigurationPlatforms) = preSolution
		Debug|Any CPU = Debug|Any CPU
		Release|Any CPU = Release|Any CPU
	EndGlobalSection
	GlobalSection(ProjectConfigurationPlatforms) = postSolution
		{DB2D63D8-F5CC-4ED2-AEB2-F33AA36C9669}.Debug|Any CPU.ActiveCfg = Debug|Any CPU
		{DB2D63D8-F5CC-4ED2-AEB2-F33AA36C9669}.Debug|Any CPU.Build.0 = Debug|Any CPU
		{DB2D63D8-F5CC-4ED2-AEB2-F33AA36C9669}.Release|Any CPU.ActiveCfg = Release|Any CPU
		{DB2D63D8-F5CC-4ED2-AEB2-F33AA36C9669}.Release|Any CPU.Build.0 = Release|Any CPU
		{533F58EE-996F-497B-82AA-D6B1ED4E789F}.Debug|Any CPU.ActiveCfg = Debug|Any CPU
		{533F58EE-996F-497B-82AA-D6B1ED4E789F}.Debug|Any CPU.Build.0 = Debug|Any CPU
		{533F58EE-996F-497B-82AA-D6B1ED4E789F}.Release|Any CPU.ActiveCfg = Release|Any CPU
		{533F58EE-996F-497B-82AA-D6B1ED4E789F}.Release|Any CPU.Build.0 = Release|Any CPU
		{70A47D21-FC1C-4CB7-9DC6-0ED4D76475A2}.Debug|Any CPU.ActiveCfg = Debug|Any CPU
		{70A47D21-FC1C-4CB7-9DC6-0ED4D76475A2}.Debug|Any CPU.Build.0 = Debug|Any CPU
		{70A47D21-FC1C-4CB7-9DC6-0ED4D76475A2}.Release|Any CPU.ActiveCfg = Release|Any CPU
		{70A47D21-FC1C-4CB7-9DC6-0ED4D76475A2}.Release|Any CPU.Build.0 = Release|Any CPU
		{11E1D91D-9108-48AC-81DC-B5A0BC5117F9}.Debug|Any CPU.ActiveCfg = Debug|Any CPU
		{11E1D91D-9108-48AC-81DC-B5A0BC5117F9}.Debug|Any CPU.Build.0 = Debug|Any CPU
		{11E1D91D-9108-48AC-81DC-B5A0BC5117F9}.Release|Any CPU.ActiveCfg = Release|Any CPU
		{11E1D91D-9108-48AC-81DC-B5A0BC5117F9}.Release|Any CPU.Build.0 = Release|Any CPU
		{51CB2710-5DB0-49A3-9844-95151A07DD51}.Debug|Any CPU.ActiveCfg = Debug|Any CPU
		{51CB2710-5DB0-49A3-9844-95151A07DD51}.Debug|Any CPU.Build.0 = Debug|Any CPU
		{51CB2710-5DB0-49A3-9844-95151A07DD51}.Release|Any CPU.ActiveCfg = Release|Any CPU
		{51CB2710-5DB0-49A3-9844-95151A07DD51}.Release|Any CPU.Build.0 = Release|Any CPU
	EndGlobalSection
	GlobalSection(SolutionProperties) = preSolution
		HideSolutionNode = FALSE
	EndGlobalSection
	GlobalSection(ExtensibilityGlobals) = postSolution
		SolutionGuid = {F0CA77E1-4A0C-4542-A1FB-DF75DC2F0C59}
	EndGlobalSection
EndGlobal
